
Microsoft Visual Studio Solution File, Format Version 12.00
# Visual Studio Version 16
VisualStudioVersion = 16.0.31729.503
MinimumVisualStudioVersion = 10.0.40219.1
Project("{9A19103F-16F7-4668-BE54-9A1E7A4F7556}") = "proyekt", "proyekt\proyekt.csproj", "{AFF863CB-E52F-4C58-83E1-D237B9016EF2}"
EndProject
Project("{9A19103F-16F7-4668-BE54-9A1E7A4F7556}") = "proyekt 2", "proyekt 2\proyekt 2.csproj", "{93E97E6C-148C-4B0B-B3A1-D964FC9267E3}"
EndProject
Project("{9A19103F-16F7-4668-BE54-9A1E7A4F7556}") = "read", "read\read.csproj", "{02C1B0D2-8D4F-4AD3-9887-0BBE39C10334}"
EndProject
Project("{9A19103F-16F7-4668-BE54-9A1E7A4F7556}") = "proyekt3", "proyekt3\proyekt3.csproj", "{F05B9689-3044-4FB3-8EBA-0EB90E17735C}"
EndProject
Project("{FAE04EC0-301F-11D3-BF4B-00C04F79EFBC}") = "deliminet", "deliminet\deliminet.csproj", "{F38C58D7-DBC3-4201-B67C-DBFEAFCC4FE6}"
EndProject
Global
	GlobalSection(SolutionConfigurationPlatforms) = preSolution
		Debug|Any CPU = Debug|Any CPU
		Release|Any CPU = Release|Any CPU
	EndGlobalSection
	GlobalSection(ProjectConfigurationPlatforms) = postSolution
		{AFF863CB-E52F-4C58-83E1-D237B9016EF2}.Debug|Any CPU.ActiveCfg = Debug|Any CPU
		{AFF863CB-E52F-4C58-83E1-D237B9016EF2}.Debug|Any CPU.Build.0 = Debug|Any CPU
		{AFF863CB-E52F-4C58-83E1-D237B9016EF2}.Release|Any CPU.ActiveCfg = Release|Any CPU
		{AFF863CB-E52F-4C58-83E1-D237B9016EF2}.Release|Any CPU.Build.0 = Release|Any CPU
		{93E97E6C-148C-4B0B-B3A1-D964FC9267E3}.Debug|Any CPU.ActiveCfg = Debug|Any CPU
		{93E97E6C-148C-4B0B-B3A1-D964FC9267E3}.Debug|Any CPU.Build.0 = Debug|Any CPU
		{93E97E6C-148C-4B0B-B3A1-D964FC9267E3}.Release|Any CPU.ActiveCfg = Release|Any CPU
		{93E97E6C-148C-4B0B-B3A1-D964FC9267E3}.Release|Any CPU.Build.0 = Release|Any CPU
		{02C1B0D2-8D4F-4AD3-9887-0BBE39C10334}.Debug|Any CPU.ActiveCfg = Debug|Any CPU
		{02C1B0D2-8D4F-4AD3-9887-0BBE39C10334}.Debug|Any CPU.Build.0 = Debug|Any CPU
		{02C1B0D2-8D4F-4AD3-9887-0BBE39C10334}.Release|Any CPU.ActiveCfg = Release|Any CPU
		{02C1B0D2-8D4F-4AD3-9887-0BBE39C10334}.Release|Any CPU.Build.0 = Release|Any CPU
		{F05B9689-3044-4FB3-8EBA-0EB90E17735C}.Debug|Any CPU.ActiveCfg = Debug|Any CPU
		{F05B9689-3044-4FB3-8EBA-0EB90E17735C}.Debug|Any CPU.Build.0 = Debug|Any CPU
		{F05B9689-3044-4FB3-8EBA-0EB90E17735C}.Release|Any CPU.ActiveCfg = Release|Any CPU
		{F05B9689-3044-4FB3-8EBA-0EB90E17735C}.Release|Any CPU.Build.0 = Release|Any CPU
		{F38C58D7-DBC3-4201-B67C-DBFEAFCC4FE6}.Debug|Any CPU.ActiveCfg = Debug|Any CPU
		{F38C58D7-DBC3-4201-B67C-DBFEAFCC4FE6}.Debug|Any CPU.Build.0 = Debug|Any CPU
		{F38C58D7-DBC3-4201-B67C-DBFEAFCC4FE6}.Release|Any CPU.ActiveCfg = Release|Any CPU
		{F38C58D7-DBC3-4201-B67C-DBFEAFCC4FE6}.Release|Any CPU.Build.0 = Release|Any CPU
	EndGlobalSection
	GlobalSection(SolutionProperties) = preSolution
		HideSolutionNode = FALSE
	EndGlobalSection
	GlobalSection(ExtensibilityGlobals) = postSolution
		SolutionGuid = {7B2CC004-E22F-47E8-AA9F-6BB3664DBFC6}
	EndGlobalSection
EndGlobal
